{
  "name": "mobius-recovery-provider-clis",
  "version": "1.0.0",
  "lockfileVersion": 3,
  "requires": true,
  "packages": {
    "": {
      "name": "mobius-recovery-provider-clis",
      "version": "1.0.0",
      "dependencies": {
        "@anthropic-ai/claude-code": "2.1.287",
        "@openai/codex": "0.160.0"
      }
    },
    "node_modules/@anthropic-ai/claude-code": {
      "version": "2.1.287",
      "resolved": "https://registry.npmjs.org/@anthropic-ai/claude-code/-/claude-code-2.1.287.tgz",
      "integrity": "sha512-V5WRpA+p41siSlf/Ujxjm//RtYvySxH/p9/rh6zRxNoHeBzqTgSDw3nP8PgtACM/KcVx/g5TFUNdVkq51dfg0g==",
      "hasInstallScript": true,
      "license": "SEE LICENSE IN README.md",
      "bin": {
        "claude": "bin/claude.exe"
      },
      "engines": {
        "node": ">=22.0.0"
      },
      "optionalDependencies": {
        "@anthropic-ai/claude-code-darwin-arm64": "2.1.287",
        "@anthropic-ai/claude-code-darwin-x64": "2.1.287",
        "@anthropic-ai/claude-code-linux-arm64": "2.1.287",
        "@anthropic-ai/claude-code-linux-arm64-musl": "2.1.287",
        "@anthropic-ai/claude-code-linux-x64": "2.1.287",
        "@anthropic-ai/claude-code-linux-x64-musl": "2.1.287",
        "@anthropic-ai/claude-code-win32-arm64": "2.1.287",
        "@anthropic-ai/claude-code-win32-x64": "2.1.287"
      }
    },
    "node_modules/@anthropic-ai/claude-code-darwin-arm64": {
      "version": "2.1.287",
      "resolved": "https://registry.npmjs.org/@anthropic-ai/claude-code-darwin-arm64/-/claude-code-darwin-arm64-2.1.287.tgz",
      "integrity": "sha512-ZQLmkEpiWd8sxUYRpQr1yZ39DyVBhrl8MUtbxe33E+z4jFPtUy+CrJXmeRRyyM+FEfvGe/2ab+E59GiSKkprRw==",
      "cpu": [
        "arm64"
      ],
      "license": "SEE LICENSE IN LICENSE.md",
      "optional": true,
      "os": [
        "darwin"
      ]
    },
    "node_modules/@anthropic-ai/claude-code-darwin-x64": {
      "version": "2.1.287",
      "resolved": "https://registry.npmjs.org/@anthropic-ai/claude-code-darwin-x64/-/claude-code-darwin-x64-2.1.287.tgz",
      "integrity": "sha512-B5TXBZxGKqglEj5DUp0EjZRBypee4hLSfgkTJIPHdLNB4PAtt6hBkNZVxytny0jUjk0ReWUNtVSb0PTldKRW7Q==",
      "cpu": [
        "x64"
      ],
      "license": "SEE LICENSE IN LICENSE.md",
      "optional": true,
      "os": [
        "darwin"
      ]
    },
    "node_modules/@anthropic-ai/claude-code-linux-arm64": {
      "version": "2.1.287",
      "resolved": "https://registry.npmjs.org/@anthropic-ai/claude-code-linux-arm64/-/claude-code-linux-arm64-2.1.287.tgz",
      "integrity": "sha512-MU3ReK1kjstDmjEOzhFZaphh2AVUKnPaik6lOV0WLs3/mOM7mE/mqkdcQ/Sv0KwHH5MnOhSkIjCEl0/8tr+vRg==",
      "cpu": [
        "arm64"
      ],
      "libc": [
        "glibc"
      ],
      "license": "SEE LICENSE IN LICENSE.md",
      "optional": true,
      "os": [
        "linux"
      ]
    },
    "node_modules/@anthropic-ai/claude-code-linux-arm64-musl": {
      "version": "2.1.287",
      "resolved": "https://registry.npmjs.org/@anthropic-ai/claude-code-linux-arm64-musl/-/claude-code-linux-arm64-musl-2.1.287.tgz",
      "integrity": "sha512-sdFvq6Aasxv1BzkqkUVPZyGaKxALdTmo0B03K7zsB7Lt8RDzOn/yQj6vPluS/464XkLyqlesTsziYtkdOpjocw==",
      "cpu": [
        "arm64"
      ],
      "libc": [
        "musl"
      ],
      "license": "SEE LICENSE IN LICENSE.md",
      "optional": true,
      "os": [
        "linux"
      ]
    },
    "node_modules/@anthropic-ai/claude-code-linux-x64": {
      "version": "2.1.287",
      "resolved": "https://registry.npmjs.org/@anthropic-ai/claude-code-linux-x64/-/claude-code-linux-x64-2.1.287.tgz",
      "integrity": "sha512-Q31ekN28viVjgfDuZKXUR5vxIBgUYoLGe+cRmjx/f01omqFDMi6IrgmcK5pWMnRbu/cjsTA/zO+bVES5oY3XUg==",
      "cpu": [
        "x64"
      ],
      "libc": [
        "glibc"
      ],
      "license": "SEE LICENSE IN LICENSE.md",
      "optional": true,
      "os": [
        "linux"
      ]
    },
    "node_modules/@anthropic-ai/claude-code-linux-x64-musl": {
      "version": "2.1.287",
      "resolved": "https://registry.npmjs.org/@anthropic-ai/claude-code-linux-x64-musl/-/claude-code-linux-x64-musl-2.1.287.tgz",
      "integrity": "sha512-gBOT4E6fRaEJ+PyP/KU66dIn+aXoZ/+jMkFLJFNcsEppIGH1R9n90rV7/lHZr43b/0ngHPc4n+JRrVKz/AX6/Q==",
      "cpu": [
        "x64"
      ],
      "libc": [
        "musl"
      ],
      "license": "SEE LICENSE IN LICENSE.md",
      "optional": true,
      "os": [
        "linux"
      ]
    },
    "node_modules/@anthropic-ai/claude-code-win32-arm64": {
      "version": "2.1.287",
      "resolved": "https://registry.npmjs.org/@anthropic-ai/claude-code-win32-arm64/-/claude-code-win32-arm64-2.1.287.tgz",
      "integrity": "sha512-p0w81huWrtOHqn7AU2VOY2G9AV7hZLl1KcbDPPrD3edvjU3wPSvoCUVeJp1qDs/7EHySa8H5UyQshgCTeuwrlg==",
      "cpu": [
        "arm64"
      ],
      "license": "SEE LICENSE IN LICENSE.md",
      "optional": true,
      "os": [
        "win32"
      ]
    },
    "node_modules/@anthropic-ai/claude-code-win32-x64": {
      "version": "2.1.287",
      "resolved": "https://registry.npmjs.org/@anthropic-ai/claude-code-win32-x64/-/claude-code-win32-x64-2.1.287.tgz",
      "integrity": "sha512-PWFxa2+cd8sIco+W3qDR85GhumGzNNdwgqHkz2u5jNhvoH8i4loBvOMEyrtZo3bYVwNeEt905GImhchv2duQGg==",
      "cpu": [
        "x64"
      ],
      "license": "SEE LICENSE IN LICENSE.md",
      "optional": true,
      "os": [
        "win32"
      ]
    },
    "node_modules/@openai/codex": {
      "version": "0.160.0",
      "resolved": "https://registry.npmjs.org/@openai/codex/-/codex-0.160.0.tgz",
      "integrity": "sha512-kEtVGzjRAYAMOwJxN39bGcna7LT3IDQgq64NNJ/dDTfu4OzZaocJcyNb5/gGJ/IVF/Vj7oK7E2m3nmTan7lpjg==",
      "license": "Apache-2.0",
      "bin": {
        "codex": "bin/codex.js"
      },
      "engines": {
        "node": ">=16"
      },
      "optionalDependencies": {
        "@openai/codex-darwin-arm64": "npm:@openai/codex@0.160.0-darwin-arm64",
        "@openai/codex-darwin-x64": "npm:@openai/codex@0.160.0-darwin-x64",
        "@openai/codex-linux-arm64": "npm:@openai/codex@0.160.0-linux-arm64",
        "@openai/codex-linux-x64": "npm:@openai/codex@0.160.0-linux-x64",
        "@openai/codex-win32-arm64": "npm:@openai/codex@0.160.0-win32-arm64",
        "@openai/codex-win32-x64": "npm:@openai/codex@0.160.0-win32-x64"
      }
    },
    "node_modules/@openai/codex-darwin-arm64": {
      "name": "@openai/codex",
      "version": "0.160.0-darwin-arm64",
      "resolved": "https://registry.npmjs.org/@openai/codex/-/codex-0.160.0-darwin-arm64.tgz",
      "integrity": "sha512-aefV6cqZA2REZgR//4McyXlp7zLcTti4CI2v3j9IVgNndPBv2kCeNEcz07qeelXcwOdSFPUKb6roA48vZmDgrQ==",
      "cpu": [
        "arm64"
      ],
      "license": "Apache-2.0",
      "optional": true,
      "os": [
        "darwin"
      ],
      "engines": {
        "node": ">=16"
      }
    },
    "node_modules/@openai/codex-darwin-x64": {
      "name": "@openai/codex",
      "version": "0.160.0-darwin-x64",
      "resolved": "https://registry.npmjs.org/@openai/codex/-/codex-0.160.0-darwin-x64.tgz",
      "integrity": "sha512-ir7cdsPrb9VkqNqpTECoTiomv04xws/FQ968mHQzuL+2J5Da0Dkh2Qlxp7sguDDZJab4YpYmNjQvBVMXbTeQaQ==",
      "cpu": [
        "x64"
      ],
      "license": "Apache-2.0",
      "optional": true,
      "os": [
        "darwin"
      ],
      "engines": {
        "node": ">=16"
      }
    },
    "node_modules/@openai/codex-linux-arm64": {
      "name": "@openai/codex",
      "version": "0.160.0-linux-arm64",
      "resolved": "https://registry.npmjs.org/@openai/codex/-/codex-0.160.0-linux-arm64.tgz",
      "integrity": "sha512-VnVdsS06YlDsL8OwaJjQ3xdqdJNG4i+eBJBV3LytddknzSaF/urijLzVg3ptkwvoj8C7Gn7iWpVE+y8WEaPiCg==",
      "cpu": [
        "arm64"
      ],
      "license": "Apache-2.0",
      "optional": true,
      "os": [
        "linux"
      ],
      "engines": {
        "node": ">=16"
      }
    },
    "node_modules/@openai/codex-linux-x64": {
      "name": "@openai/codex",
      "version": "0.160.0-linux-x64",
      "resolved": "https://registry.npmjs.org/@openai/codex/-/codex-0.160.0-linux-x64.tgz",
      "integrity": "sha512-KI/73OqGrHmR18s7ya7E1NqV6rT0y3lxr0s8S1qR2m6zU6QRF/HlR529jALLh5vjdUnsRT4Ahoxt0axb4kY99g==",
      "cpu": [
        "x64"
      ],
      "license": "Apache-2.0",
      "optional": true,
      "os": [
        "linux"
      ],
      "engines": {
        "node": ">=16"
      }
    },
    "node_modules/@openai/codex-win32-arm64": {
      "name": "@openai/codex",
      "version": "0.160.0-win32-arm64",
      "resolved": "https://registry.npmjs.org/@openai/codex/-/codex-0.160.0-win32-arm64.tgz",
      "integrity": "sha512-tTvK9ZIGuj9WnYaYOAnfjJVSfPV7dKqWtDHqUPLf0Hadp6SgynTxx7S7iMXRieFeXVOI2XH76KxEHSOTOnz3zw==",
      "cpu": [
        "arm64"
      ],
      "license": "Apache-2.0",
      "optional": true,
      "os": [
        "win32"
      ],
      "engines": {
        "node": ">=16"
      }
    },
    "node_modules/@openai/codex-win32-x64": {
      "name": "@openai/codex",
      "version": "0.160.0-win32-x64",
      "resolved": "https://registry.npmjs.org/@openai/codex/-/codex-0.160.0-win32-x64.tgz",
      "integrity": "sha512-/gCFcuOmGlQkgGivWCtY8BNEDixh70Pue0HZOk9S8bj2vUIE1GLD9zcNB/KqqDJmn0S+lIttauLpzQnw6HOCHA==",
      "cpu": [
        "x64"
      ],
      "license": "Apache-2.0",
      "optional": true,
      "os": [
        "win32"
      ],
      "engines": {
        "node": ">=16"
      }
    }
  }
}
